
Microsoft Visual Studio Solution File, Format Version 12.00
# Visual Studio Version 17
VisualStudioVersion = 17.3.32901.215
MinimumVisualStudioVersion = 10.0.40219.1
Project("{8BC9CEB8-8B4A-11D0-8D11-00A0C91BC942}") = "QtApp", "QtApp.vcxproj", "{32756E3E-CE53-4D94-B443-45A006BF60AC}"
EndProject
Global
	GlobalSection(SolutionConfigurationPlatforms) = preSolution
		Debug|x64 = Debug|x64
		Release|x64 = Release|x64
	EndGlobalSection
	GlobalSection(ProjectConfigurationPlatforms) = postSolution
		{32756E3E-CE53-4D94-B443-45A006BF60AC}.Debug|x64.ActiveCfg = Debug|x64
		{32756E3E-CE53-4D94-B443-45A006BF60AC}.Debug|x64.Build.0 = Debug|x64
		{32756E3E-CE53-4D94-B443-45A006BF60AC}.Release|x64.ActiveCfg = Release|x64
		{32756E3E-CE53-4D94-B443-45A006BF60AC}.Release|x64.Build.0 = Release|x64
	EndGlobalSection
	GlobalSection(SolutionProperties) = preSolution
		HideSolutionNode = FALSE
	EndGlobalSection
	GlobalSection(ExtensibilityGlobals) = postSolution
		SolutionGuid = {3181D277-4DF2-4956-AE5A-6212343B3BE5}
	EndGlobalSection
EndGlobal
